# THIS IS AN AUTOGENERATED FILE. DO NOT EDIT THIS FILE DIRECTLY.
# yarn lockfile v1


"@rescript/react@^0.12.1":
  version "0.12.1"
  resolved "https://registry.yarnpkg.com/@rescript/react/-/react-0.12.1.tgz#7bddb957a1bc08b944c6597f28549ac410982d64"
  integrity sha512-ZD7nhDr5FZgLYqRH9s4CNM+LRz/3IMuTb+LH12fd2Akk0xYkYUP+DZveB2VQUC2UohJnTf/c8yPSNsiFihVCCg==

rescript@^11.1.0:
  version "11.1.0"
  resolved "https://registry.yarnpkg.com/rescript/-/rescript-11.1.0.tgz#68dec0b3cbc456c1f9c8e4f10bda6fae49bf7f92"
  integrity sha512-9la2Dv+ACylQ77I8s4spPu1JnLZXbH5WgxcLHLLUBWgFFSiv0wXqgzWztrBIZqwFgVX5BYcwldUqUVcEzdCyHg==
